
Microsoft Visual Studio Solution File, Format Version 12.00
# Visual Studio Version 17
VisualStudioVersion = 17.5.33530.505
MinimumVisualStudioVersion = 10.0.40219.1
Project("{FAE04EC0-301F-11D3-BF4B-00C04F79EFBC}") = "KBFMobileApp.Android", "KBFMobileApp\KBFMobileApp.Android\KBFMobileApp.Android.csproj", "{0FCC466C-1A49-47BB-BA72-4D7D83D46DEF}"
EndProject
Project("{FAE04EC0-301F-11D3-BF4B-00C04F79EFBC}") = "KBFMobileApp", "KBFMobileApp\KBFMobileApp\KBFMobileApp.csproj", "{21266191-2B51-4CF4-98BA-A0E8710E5C3B}"
EndProject
Global
	GlobalSection(SolutionConfigurationPlatforms) = preSolution
		Debug|Any CPU = Debug|Any CPU
		Release|Any CPU = Release|Any CPU
	EndGlobalSection
	GlobalSection(ProjectConfigurationPlatforms) = postSolution
		{0FCC466C-1A49-47BB-BA72-4D7D83D46DEF}.Debug|Any CPU.ActiveCfg = Debug|Any CPU
		{0FCC466C-1A49-47BB-BA72-4D7D83D46DEF}.Debug|Any CPU.Build.0 = Debug|Any CPU
		{0FCC466C-1A49-47BB-BA72-4D7D83D46DEF}.Debug|Any CPU.Deploy.0 = Debug|Any CPU
		{0FCC466C-1A49-47BB-BA72-4D7D83D46DEF}.Release|Any CPU.ActiveCfg = Release|Any CPU
		{0FCC466C-1A49-47BB-BA72-4D7D83D46DEF}.Release|Any CPU.Build.0 = Release|Any CPU
		{0FCC466C-1A49-47BB-BA72-4D7D83D46DEF}.Release|Any CPU.Deploy.0 = Release|Any CPU
		{21266191-2B51-4CF4-98BA-A0E8710E5C3B}.Debug|Any CPU.ActiveCfg = Debug|Any CPU
		{21266191-2B51-4CF4-98BA-A0E8710E5C3B}.Debug|Any CPU.Build.0 = Debug|Any CPU
		{21266191-2B51-4CF4-98BA-A0E8710E5C3B}.Debug|Any CPU.Deploy.0 = Debug|Any CPU
		{21266191-2B51-4CF4-98BA-A0E8710E5C3B}.Release|Any CPU.ActiveCfg = Release|Any CPU
		{21266191-2B51-4CF4-98BA-A0E8710E5C3B}.Release|Any CPU.Build.0 = Release|Any CPU
		{21266191-2B51-4CF4-98BA-A0E8710E5C3B}.Release|Any CPU.Deploy.0 = Release|Any CPU
	EndGlobalSection
	GlobalSection(SolutionProperties) = preSolution
		HideSolutionNode = FALSE
	EndGlobalSection
	GlobalSection(ExtensibilityGlobals) = postSolution
		SolutionGuid = {533BF562-2A5B-4846-9FE0-156F8EA54467}
	EndGlobalSection
EndGlobal
